// !$*UTF8*$!
{
	archiveVersion = 1;
	classes = {
	};
	objectVersion = 46;
	objects = {

/* Begin PBXBuildFile section */
		072FB77B1D9FD1B500804410 /* main.m in Sources */ = {isa = PBXBuildFile; fileRef = 072FB77A1D9FD1B500804410 /* main.m */; };
		072FB77E1D9FD1B500804410 /* AppDelegate.m in Sources */ = {isa = PBXBuildFile; fileRef = 072FB77D1D9FD1B500804410 /* AppDelegate.m */; };
		072FB7811D9FD1B500804410 /* ViewController.m in Sources */ = {isa = PBXBuildFile; fileRef = 072FB7801D9FD1B500804410 /* ViewController.m */; };
		072FB7841D9FD1B500804410 /* Main.storyboard in Resources */ = {isa = PBXBuildFile; fileRef = 072FB7821D9FD1B500804410 /* Main.storyboard */; };
		072FB7861D9FD1B500804410 /* Assets.xcassets in Resources */ = {isa = PBXBuildFile; fileRef = 072FB7851D9FD1B500804410 /* Assets.xcassets */; };
		072FB7891D9FD1B500804410 /* LaunchScreen.storyboard in Resources */ = {isa = PBXBuildFile; fileRef = 072FB7871D9FD1B500804410 /* LaunchScreen.storyboard */; };
		07AB4A571D9FDD3200A338EC /* LeftViewController.m in Sources */ = {isa = PBXBuildFile; fileRef = 07AB4A561D9FDD3200A338EC /* LeftViewController.m */; };
		07AB4A591D9FE51500A338EC /* add_friend_nearby@2x.png in Resources */ = {isa = PBXBuildFile; fileRef = 07AB4A581D9FE51500A338EC /* add_friend_nearby@2x.png */; };
		07AB4A5C1D9FE83500A338EC /* LeftShowViewController.m in Sources */ = {isa = PBXBuildFile; fileRef = 07AB4A5B1D9FE83500A338EC /* LeftShowViewController.m */; };
		F29A4EF7F7473294DA2D9353 /* libPods-Demo_MMDrawerController.a in Frameworks */ = {isa = PBXBuildFile; fileRef = FA2108C56956DCAF015F16D5 /* libPods-Demo_MMDrawerController.a */; };
/* End PBXBuildFile section */

/* Begin PBXFileReference section */
		072FB7761D9FD1B500804410 /* Demo_MMDrawerController.app */ = {isa = PBXFileReference; explicitFileType = wrapper.application; includeInIndex = 0; path = Demo_MMDrawerController.app; sourceTree = BUILT_PRODUCTS_DIR; };
		072FB77A1D9FD1B500804410 /* main.m */ = {isa = PBXFileReference; lastKnownFileType = sourcecode.c.objc; path = main.m; sourceTree = "<group>"; };
		072FB77C1D9FD1B500804410 /* AppDelegate.h */ = {isa = PBXFileReference; lastKnownFileType = sourcecode.c.h; path = AppDelegate.h; sourceTree = "<group>"; };
		072FB77D1D9FD1B500804410 /* AppDelegate.m */ = {isa = PBXFileReference; lastKnownFileType = sourcecode.c.objc; path = AppDelegate.m; sourceTree = "<group>"; };
		072FB77F1D9FD1B500804410 /* ViewController.h */ = {isa = PBXFileReference; lastKnownFileType = sourcecode.c.h; path = ViewController.h; sourceTree = "<group>"; };
		072FB7801D9FD1B500804410 /* ViewController.m */ = {isa = PBXFileReference; lastKnownFileType = sourcecode.c.objc; path = ViewController.m; sourceTree = "<group>"; };
		072FB7831D9FD1B500804410 /* Base */ = {isa = PBXFileReference; lastKnownFileType = file.storyboard; name = Base; path = Base.lproj/Main.storyboard; sourceTree = "<group>"; };
		072FB7851D9FD1B500804410 /* Assets.xcassets */ = {isa = PBXFileReference; lastKnownFileType = folder.assetcatalog; path = Assets.xcassets; sourceTree = "<group>"; };
		072FB7881D9FD1B500804410 /* Base */ = {isa = PBXFileReference; lastKnownFileType = file.storyboard; name = Base; path = Base.lproj/LaunchScreen.storyboard; sourceTree = "<group>"; };
		072FB78A1D9FD1B500804410 /* Info.plist */ = {isa = PBXFileReference; lastKnownFileType = text.plist.xml; path = Info.plist; sourceTree = "<group>"; };
		07AB4A551D9FDD3200A338EC /* LeftViewController.h */ = {isa = PBXFileReference; fileEncoding = 4; lastKnownFileType = sourcecode.c.h; path = LeftViewController.h; sourceTree = "<group>"; };
		07AB4A561D9FDD3200A338EC /* LeftViewController.m */ = {isa = PBXFileReference; fileEncoding = 4; lastKnownFileType = sourcecode.c.objc; path = LeftViewController.m; sourceTree = "<group>"; };
		07AB4A581D9FE51500A338EC /* add_friend_nearby@2x.png */ = {isa = PBXFileReference; lastKnownFileType = image.png; path = "add_friend_nearby@2x.png"; sourceTree = "<group>"; };
		07AB4A5A1D9FE83500A338EC /* LeftShowViewController.h */ = {isa = PBXFileReference; fileEncoding = 4; lastKnownFileType = sourcecode.c.h; path = LeftShowViewController.h; sourceTree = "<group>"; };
		07AB4A5B1D9FE83500A338EC /* LeftShowViewController.m */ = {isa = PBXFileReference; fileEncoding = 4; lastKnownFileType = sourcecode.c.objc; path = LeftShowViewController.m; sourceTree = "<group>"; };
		5C211D73F275C353296C5A06 /* Pods-Demo_MMDrawerController.debug.xcconfig */ = {isa = PBXFileReference; includeInIndex = 1; lastKnownFileType = text.xcconfig; name = "Pods-Demo_MMDrawerController.debug.xcconfig"; path = "Pods/Target Support Files/Pods-Demo_MMDrawerController/Pods-Demo_MMDrawerController.debug.xcconfig"; sourceTree = "<group>"; };
		D00DF33BB83F5380F25DBF85 /* Pods-Demo_MMDrawerController.release.xcconfig */ = {isa = PBXFileReference; includeInIndex = 1; lastKnownFileType = text.xcconfig; name = "Pods-Demo_MMDrawerController.release.xcconfig"; path = "Pods/Target Support Files/Pods-Demo_MMDrawerController/Pods-Demo_MMDrawerController.release.xcconfig"; sourceTree = "<group>"; };
		FA2108C56956DCAF015F16D5 /* libPods-Demo_MMDrawerController.a */ = {isa = PBXFileReference; explicitFileType = archive.ar; includeInIndex = 0; path = "libPods-Demo_MMDrawerController.a"; sourceTree = BUILT_PRODUCTS_DIR; };
/* End PBXFileReference section */

/* Begin PBXFrameworksBuildPhase section */
		072FB7731D9FD1B500804410 /* Frameworks */ = {
			isa = PBXFrameworksBuildPhase;
			buildActionMask = 2147483647;
			files = (
				F29A4EF7F7473294DA2D9353 /* libPods-Demo_MMDrawerController.a in Frameworks */,
			);
			runOnlyForDeploymentPostprocessing = 0;
		};
/* End PBXFrameworksBuildPhase section */

/* Begin PBXGroup section */
		072FB76D1D9FD1B500804410 = {
			isa = PBXGroup;
			children = (
				072FB7781D9FD1B500804410 /* Demo_测试_MMDrawerController */,
				072FB7771D9FD1B500804410 /* Products */,
				740AC616A1DCE3395D606BAA /* Pods */,
				9DD7ADCDD1DBEB5B863EB112 /* Frameworks */,
			);
			sourceTree = "<group>";
		};
		072FB7771D9FD1B500804410 /* Products */ = {
			isa = PBXGroup;
			children = (
				072FB7761D9FD1B500804410 /* Demo_MMDrawerController.app */,
			);
			name = Products;
			sourceTree = "<group>";
		};
		072FB7781D9FD1B500804410 /* Demo_测试_MMDrawerController */ = {
			isa = PBXGroup;
			children = (
				072FB77C1D9FD1B500804410 /* AppDelegate.h */,
				072FB77D1D9FD1B500804410 /* AppDelegate.m */,
				072FB77F1D9FD1B500804410 /* ViewController.h */,
				072FB7801D9FD1B500804410 /* ViewController.m */,
				07AB4A551D9FDD3200A338EC /* LeftViewController.h */,
				07AB4A561D9FDD3200A338EC /* LeftViewController.m */,
				07AB4A5A1D9FE83500A338EC /* LeftShowViewController.h */,
				07AB4A5B1D9FE83500A338EC /* LeftShowViewController.m */,
				072FB7821D9FD1B500804410 /* Main.storyboard */,
				07AB4A581D9FE51500A338EC /* add_friend_nearby@2x.png */,
				072FB7851D9FD1B500804410 /* Assets.xcassets */,
				072FB7871D9FD1B500804410 /* LaunchScreen.storyboard */,
				072FB78A1D9FD1B500804410 /* Info.plist */,
				072FB7791D9FD1B500804410 /* Supporting Files */,
			);
			path = "Demo_测试_MMDrawerController";
			sourceTree = "<group>";
		};
		072FB7791D9FD1B500804410 /* Supporting Files */ = {
			isa = PBXGroup;
			children = (
				072FB77A1D9FD1B500804410 /* main.m */,
			);
			name = "Supporting Files";
			sourceTree = "<group>";
		};
		740AC616A1DCE3395D606BAA /* Pods */ = {
			isa = PBXGroup;
			children = (
				5C211D73F275C353296C5A06 /* Pods-Demo_MMDrawerController.debug.xcconfig */,
				D00DF33BB83F5380F25DBF85 /* Pods-Demo_MMDrawerController.release.xcconfig */,
			);
			name = Pods;
			sourceTree = "<group>";
		};
		9DD7ADCDD1DBEB5B863EB112 /* Frameworks */ = {
			isa = PBXGroup;
			children = (
				FA2108C56956DCAF015F16D5 /* libPods-Demo_MMDrawerController.a */,
			);
			name = Frameworks;
			sourceTree = "<group>";
		};
/* End PBXGroup section */

/* Begin PBXNativeTarget section */
		072FB7751D9FD1B500804410 /* Demo_MMDrawerController */ = {
			isa = PBXNativeTarget;
			buildConfigurationList = 072FB78D1D9FD1B500804410 /* Build configuration list for PBXNativeTarget "Demo_MMDrawerController" */;
			buildPhases = (
				284D0C9269896EFDFC9650C3 /* [CP] Check Pods Manifest.lock */,
				072FB7721D9FD1B500804410 /* Sources */,
				072FB7731D9FD1B500804410 /* Frameworks */,
				072FB7741D9FD1B500804410 /* Resources */,
				56628075754A15749E3A5582 /* [CP] Embed Pods Frameworks */,
				431570C212CDD8791F6D8E8E /* [CP] Copy Pods Resources */,
			);
			buildRules = (
			);
			dependencies = (
			);
			name = Demo_MMDrawerController;
			productName = "Demo_测试_MMDrawerController";
			productReference = 072FB7761D9FD1B500804410 /* Demo_MMDrawerController.app */;
			productType = "com.apple.product-type.application";
		};
/* End PBXNativeTarget section */

/* Begin PBXProject section */
		072FB76E1D9FD1B500804410 /* Project object */ = {
			isa = PBXProject;
			attributes = {
				LastUpgradeCheck = 0710;
				ORGANIZATIONNAME = XSLeagues;
				TargetAttributes = {
					072FB7751D9FD1B500804410 = {
						CreatedOnToolsVersion = 7.1;
						DevelopmentTeam = 8EY9MG3ELN;
					};
				};
			};
			buildConfigurationList = 072FB7711D9FD1B500804410 /* Build configuration list for PBXProject "Demo_MMDrawerController" */;
			compatibilityVersion = "Xcode 3.2";
			developmentRegion = English;
			hasScannedForEncodings = 0;
			knownRegions = (
				en,
				Base,
			);
			mainGroup = 072FB76D1D9FD1B500804410;
			productRefGroup = 072FB7771D9FD1B500804410 /* Products */;
			projectDirPath = "";
			projectRoot = "";
			targets = (
				072FB7751D9FD1B500804410 /* Demo_MMDrawerController */,
			);
		};
/* End PBXProject section */

/* Begin PBXResourcesBuildPhase section */
		072FB7741D9FD1B500804410 /* Resources */ = {
			isa = PBXResourcesBuildPhase;
			buildActionMask = 2147483647;
			files = (
				072FB7891D9FD1B500804410 /* LaunchScreen.storyboard in Resources */,
				07AB4A591D9FE51500A338EC /* add_friend_nearby@2x.png in Resources */,
				072FB7861D9FD1B500804410 /* Assets.xcassets in Resources */,
				072FB7841D9FD1B500804410 /* Main.storyboard in Resources */,
			);
			runOnlyForDeploymentPostprocessing = 0;
		};
/* End PBXResourcesBuildPhase section */

/* Begin PBXShellScriptBuildPhase section */
		284D0C9269896EFDFC9650C3 /* [CP] Check Pods Manifest.lock */ = {
			isa = PBXShellScriptBuildPhase;
			buildActionMask = 2147483647;
			files = (
			);
			inputPaths = (
			);
			name = "[CP] Check Pods Manifest.lock";
			outputPaths = (
			);
			runOnlyForDeploymentPostprocessing = 0;
			shellPath = /bin/sh;
			shellScript = "diff \"${PODS_ROOT}/../Podfile.lock\" \"${PODS_ROOT}/Manifest.lock\" > /dev/null\nif [[ $? != 0 ]] ; then\n    cat << EOM\nerror: The sandbox is not in sync with the Podfile.lock. Run 'pod install' or update your CocoaPods installation.\nEOM\n    exit 1\nfi\n";
			showEnvVarsInLog = 0;
		};
		431570C212CDD8791F6D8E8E /* [CP] Copy Pods Resources */ = {
			isa = PBXShellScriptBuildPhase;
			buildActionMask = 2147483647;
			files = (
			);
			inputPaths = (
			);
			name = "[CP] Copy Pods Resources";
			outputPaths = (
			);
			runOnlyForDeploymentPostprocessing = 0;
			shellPath = /bin/sh;
			shellScript = "\"${SRCROOT}/Pods/Target Support Files/Pods-Demo_MMDrawerController/Pods-Demo_MMDrawerController-resources.sh\"\n";
			showEnvVarsInLog = 0;
		};
		56628075754A15749E3A5582 /* [CP] Embed Pods Frameworks */ = {
			isa = PBXShellScriptBuildPhase;
			buildActionMask = 2147483647;
			files = (
			);
			inputPaths = (
			);
			name = "[CP] Embed Pods Frameworks";
			outputPaths = (
			);
			runOnlyForDeploymentPostprocessing = 0;
			shellPath = /bin/sh;
			shellScript = "\"${SRCROOT}/Pods/Target Support Files/Pods-Demo_MMDrawerController/Pods-Demo_MMDrawerController-frameworks.sh\"\n";
			showEnvVarsInLog = 0;
		};
/* End PBXShellScriptBuildPhase section */

/* Begin PBXSourcesBuildPhase section */
		072FB7721D9FD1B500804410 /* Sources */ = {
			isa = PBXSourcesBuildPhase;
			buildActionMask = 2147483647;
			files = (
				072FB7811D9FD1B500804410 /* ViewController.m in Sources */,
				07AB4A5C1D9FE83500A338EC /* LeftShowViewController.m in Sources */,
				07AB4A571D9FDD3200A338EC /* LeftViewController.m in Sources */,
				072FB77E1D9FD1B500804410 /* AppDelegate.m in Sources */,
				072FB77B1D9FD1B500804410 /* main.m in Sources */,
			);
			runOnlyForDeploymentPostprocessing = 0;
		};
/* End PBXSourcesBuildPhase section */

/* Begin PBXVariantGroup section */
		072FB7821D9FD1B500804410 /* Main.storyboard */ = {
			isa = PBXVariantGroup;
			children = (
				072FB7831D9FD1B500804410 /* Base */,
			);
			name = Main.storyboard;
			sourceTree = "<group>";
		};
		072FB7871D9FD1B500804410 /* LaunchScreen.storyboard */ = {
			isa = PBXVariantGroup;
			children = (
				072FB7881D9FD1B500804410 /* Base */,
			);
			name = LaunchScreen.storyboard;
			sourceTree = "<group>";
		};
/* End PBXVariantGroup section */

/* Begin XCBuildConfiguration section */
		072FB78B1D9FD1B500804410 /* Debug */ = {
			isa = XCBuildConfiguration;
			buildSettings = {
				ALWAYS_SEARCH_USER_PATHS = NO;
				CLANG_CXX_LANGUAGE_STANDARD = "gnu++0x";
				CLANG_CXX_LIBRARY = "libc++";
				CLANG_ENABLE_MODULES = YES;
				CLANG_ENABLE_OBJC_ARC = YES;
				CLANG_WARN_BOOL_CONVERSION = YES;
				CLANG_WARN_CONSTANT_CONVERSION = YES;
				CLANG_WARN_DIRECT_OBJC_ISA_USAGE = YES_ERROR;
				CLANG_WARN_EMPTY_BODY = YES;
				CLANG_WARN_ENUM_CONVERSION = YES;
				CLANG_WARN_INT_CONVERSION = YES;
				CLANG_WARN_OBJC_ROOT_CLASS = YES_ERROR;
				CLANG_WARN_UNREACHABLE_CODE = YES;
				CLANG_WARN__DUPLICATE_METHOD_MATCH = YES;
				"CODE_SIGN_IDENTITY[sdk=iphoneos*]" = "iPhone Developer";
				COPY_PHASE_STRIP = NO;
				DEBUG_INFORMATION_FORMAT = dwarf;
				ENABLE_STRICT_OBJC_MSGSEND = YES;
				ENABLE_TESTABILITY = YES;
				GCC_C_LANGUAGE_STANDARD = gnu99;
				GCC_DYNAMIC_NO_PIC = NO;
				GCC_NO_COMMON_BLOCKS = YES;
				GCC_OPTIMIZATION_LEVEL = 0;
				GCC_PREPROCESSOR_DEFINITIONS = (
					"DEBUG=1",
					"$(inherited)",
				);
				GCC_WARN_64_TO_32_BIT_CONVERSION = YES;
				GCC_WARN_ABOUT_RETURN_TYPE = YES_ERROR;
				GCC_WARN_UNDECLARED_SELECTOR = YES;
				GCC_WARN_UNINITIALIZED_AUTOS = YES_AGGRESSIVE;
				GCC_WARN_UNUSED_FUNCTION = YES;
				GCC_WARN_UNUSED_VARIABLE = YES;
				IPHONEOS_DEPLOYMENT_TARGET = 9.1;
				MTL_ENABLE_DEBUG_INFO = YES;
				ONLY_ACTIVE_ARCH = YES;
				SDKROOT = iphoneos;
				TARGETED_DEVICE_FAMILY = "1,2";
			};
			name = Debug;
		};
		072FB78C1D9FD1B500804410 /* Release */ = {
			isa = XCBuildConfiguration;
			buildSettings = {
				ALWAYS_SEARCH_USER_PATHS = NO;
				CLANG_CXX_LANGUAGE_STANDARD = "gnu++0x";
				CLANG_CXX_LIBRARY = "libc++";
				CLANG_ENABLE_MODULES = YES;
				CLANG_ENABLE_OBJC_ARC = YES;
				CLANG_WARN_BOOL_CONVERSION = YES;
				CLANG_WARN_CONSTANT_CONVERSION = YES;
				CLANG_WARN_DIRECT_OBJC_ISA_USAGE = YES_ERROR;
				CLANG_WARN_EMPTY_BODY = YES;
				CLANG_WARN_ENUM_CONVERSION = YES;
				CLANG_WARN_INT_CONVERSION = YES;
				CLANG_WARN_OBJC_ROOT_CLASS = YES_ERROR;
				CLANG_WARN_UNREACHABLE_CODE = YES;
				CLANG_WARN__DUPLICATE_METHOD_MATCH = YES;
				"CODE_SIGN_IDENTITY[sdk=iphoneos*]" = "iPhone Developer";
				COPY_PHASE_STRIP = NO;
				DEBUG_INFORMATION_FORMAT = "dwarf-with-dsym";
				ENABLE_NS_ASSERTIONS = NO;
				ENABLE_STRICT_OBJC_MSGSEND = YES;
				GCC_C_LANGUAGE_STANDARD = gnu99;
				GCC_NO_COMMON_BLOCKS = YES;
				GCC_WARN_64_TO_32_BIT_CONVERSION = YES;
				GCC_WARN_ABOUT_RETURN_TYPE = YES_ERROR;
				GCC_WARN_UNDECLARED_SELECTOR = YES;
				GCC_WARN_UNINITIALIZED_AUTOS = YES_AGGRESSIVE;
				GCC_WARN_UNUSED_FUNCTION = YES;
				GCC_WARN_UNUSED_VARIABLE = YES;
				IPHONEOS_DEPLOYMENT_TARGET = 9.1;
				MTL_ENABLE_DEBUG_INFO = NO;
				SDKROOT = iphoneos;
				TARGETED_DEVICE_FAMILY = "1,2";
				VALIDATE_PRODUCT = YES;
			};
			name = Release;
		};
		072FB78E1D9FD1B500804410 /* Debug */ = {
			isa = XCBuildConfiguration;
			baseConfigurationReference = 5C211D73F275C353296C5A06 /* Pods-Demo_MMDrawerController.debug.xcconfig */;
			buildSettings = {
				ASSETCATALOG_COMPILER_APPICON_NAME = AppIcon;
				INFOPLIST_FILE = "Demo_测试_MMDrawerController/Info.plist";
				LD_RUNPATH_SEARCH_PATHS = "$(inherited) @executable_path/Frameworks";
				PRODUCT_BUNDLE_IDENTIFIER = "com.ahut.Demo----MMDrawerController";
				PRODUCT_NAME = Demo_MMDrawerController;
			};
			name = Debug;
		};
		072FB78F1D9FD1B500804410 /* Release */ = {
			isa = XCBuildConfiguration;
			baseConfigurationReference = D00DF33BB83F5380F25DBF85 /* Pods-Demo_MMDrawerController.release.xcconfig */;
			buildSettings = {
				ASSETCATALOG_COMPILER_APPICON_NAME = AppIcon;
				INFOPLIST_FILE = "Demo_测试_MMDrawerController/Info.plist";
				LD_RUNPATH_SEARCH_PATHS = "$(inherited) @executable_path/Frameworks";
				PRODUCT_BUNDLE_IDENTIFIER = "com.ahut.Demo----MMDrawerController";
				PRODUCT_NAME = Demo_MMDrawerController;
			};
			name = Release;
		};
/* End XCBuildConfiguration section */

/* Begin XCConfigurationList section */
		072FB7711D9FD1B500804410 /* Build configuration list for PBXProject "Demo_MMDrawerController" */ = {
			isa = XCConfigurationList;
			buildConfigurations = (
				072FB78B1D9FD1B500804410 /* Debug */,
				072FB78C1D9FD1B500804410 /* Release */,
			);
			defaultConfigurationIsVisible = 0;
			defaultConfigurationName = Release;
		};
		072FB78D1D9FD1B500804410 /* Build configuration list for PBXNativeTarget "Demo_MMDrawerController" */ = {
			isa = XCConfigurationList;
			buildConfigurations = (
				072FB78E1D9FD1B500804410 /* Debug */,
				072FB78F1D9FD1B500804410 /* Release */,
			);
			defaultConfigurationIsVisible = 0;
			defaultConfigurationName = Release;
		};
/* End XCConfigurationList section */
	};
	rootObject = 072FB76E1D9FD1B500804410 /* Project object */;
}
